
Microsoft Visual Studio Solution File, Format Version 12.00
# Visual Studio Version 17
VisualStudioVersion = 17.7.34003.232
MinimumVisualStudioVersion = 10.0.40219.1
Project("{FAE04EC0-301F-11D3-BF4B-00C04F79EFBC}") = "CoffeeBeans", "CoffeeBeans\CoffeeBeans.csproj", "{46AAA3B2-FE42-4A19-831A-7B6B84A01AE4}"
EndProject
Global
	GlobalSection(SolutionConfigurationPlatforms) = preSolution
		Debug|Any CPU = Debug|Any CPU
		Release|Any CPU = Release|Any CPU
	EndGlobalSection
	GlobalSection(ProjectConfigurationPlatforms) = postSolution
		{46AAA3B2-FE42-4A19-831A-7B6B84A01AE4}.Debug|Any CPU.ActiveCfg = Debug|Any CPU
		{46AAA3B2-FE42-4A19-831A-7B6B84A01AE4}.Debug|Any CPU.Build.0 = Debug|Any CPU
		{46AAA3B2-FE42-4A19-831A-7B6B84A01AE4}.Release|Any CPU.ActiveCfg = Release|Any CPU
		{46AAA3B2-FE42-4A19-831A-7B6B84A01AE4}.Release|Any CPU.Build.0 = Release|Any CPU
	EndGlobalSection
	GlobalSection(SolutionProperties) = preSolution
		HideSolutionNode = FALSE
	EndGlobalSection
	GlobalSection(ExtensibilityGlobals) = postSolution
		SolutionGuid = {D27FE2B1-8DAB-4469-AF87-ECE21C3559F9}
	EndGlobalSection
EndGlobal
